
Microsoft Visual Studio Solution File, Format Version 12.00
# Visual Studio Version 17
VisualStudioVersion = 17.14.36518.9 d17.14
MinimumVisualStudioVersion = 10.0.40219.1
Project("{8BC9CEB8-8B4A-11D0-8D11-00A0C91BC942}") = "5.12 pr", "5.12 pr\5.12 pr.vcxproj", "{2BE66DD7-73E7-4725-B7C0-19AC96D1406F}"
EndProject
Global
	GlobalSection(SolutionConfigurationPlatforms) = preSolution
		Debug|x64 = Debug|x64
		Debug|x86 = Debug|x86
		Release|x64 = Release|x64
		Release|x86 = Release|x86
	EndGlobalSection
	GlobalSection(ProjectConfigurationPlatforms) = postSolution
		{2BE66DD7-73E7-4725-B7C0-19AC96D1406F}.Debug|x64.ActiveCfg = Debug|x64
		{2BE66DD7-73E7-4725-B7C0-19AC96D1406F}.Debug|x64.Build.0 = Debug|x64
		{2BE66DD7-73E7-4725-B7C0-19AC96D1406F}.Debug|x86.ActiveCfg = Debug|Win32
		{2BE66DD7-73E7-4725-B7C0-19AC96D1406F}.Debug|x86.Build.0 = Debug|Win32
		{2BE66DD7-73E7-4725-B7C0-19AC96D1406F}.Release|x64.ActiveCfg = Release|x64
		{2BE66DD7-73E7-4725-B7C0-19AC96D1406F}.Release|x64.Build.0 = Release|x64
		{2BE66DD7-73E7-4725-B7C0-19AC96D1406F}.Release|x86.ActiveCfg = Release|Win32
		{2BE66DD7-73E7-4725-B7C0-19AC96D1406F}.Release|x86.Build.0 = Release|Win32
	EndGlobalSection
	GlobalSection(SolutionProperties) = preSolution
		HideSolutionNode = FALSE
	EndGlobalSection
	GlobalSection(ExtensibilityGlobals) = postSolution
		SolutionGuid = {92CCD95B-38DF-4866-BD45-F5DA2D2B9F1F}
	EndGlobalSection
EndGlobal
